// !$*UTF8*$!
{
	archiveVersion = 1;
	classes = {
	};
	objectVersion = 56;
	objects = {

/* Begin PBXBuildFile section */
		05CFA991285D79BF00256BAC /* Players.swift in Sources */ = {isa = PBXBuildFile; fileRef = 05CFA990285D79BF00256BAC /* Players.swift */; };
		05CFA993285D79CC00256BAC /* GameState.swift in Sources */ = {isa = PBXBuildFile; fileRef = 05CFA992285D79CC00256BAC /* GameState.swift */; };
		05CFA995285D7A1800256BAC /* SOSGame.swift in Sources */ = {isa = PBXBuildFile; fileRef = 05CFA994285D7A1800256BAC /* SOSGame.swift */; };
		05CFA997285D7A5D00256BAC /* GameView.swift in Sources */ = {isa = PBXBuildFile; fileRef = 05CFA996285D7A5D00256BAC /* GameView.swift */; };
		05CFA999285DD0F100256BAC /* GameField.swift in Sources */ = {isa = PBXBuildFile; fileRef = 05CFA998285DD0F100256BAC /* GameField.swift */; };
		05CFA99B285DD5DE00256BAC /* Globals.swift in Sources */ = {isa = PBXBuildFile; fileRef = 05CFA99A285DD5DE00256BAC /* Globals.swift */; };
		05CFA99D285DD73800256BAC /* BonjourBrowser.swift in Sources */ = {isa = PBXBuildFile; fileRef = 05CFA99C285DD73800256BAC /* BonjourBrowser.swift */; };
		05CFA99F285DD74500256BAC /* BonjourConnection.swift in Sources */ = {isa = PBXBuildFile; fileRef = 05CFA99E285DD74500256BAC /* BonjourConnection.swift */; };
		05CFA9A1285DD75A00256BAC /* LocalNetworkActorSystem.swift in Sources */ = {isa = PBXBuildFile; fileRef = 05CFA9A0285DD75A00256BAC /* LocalNetworkActorSystem.swift */; };
		05CFA9A3285DD76D00256BAC /* LocalNetworkReceptionist.swift in Sources */ = {isa = PBXBuildFile; fileRef = 05CFA9A2285DD76D00256BAC /* LocalNetworkReceptionist.swift */; };
		05CFA9A5285DD78E00256BAC /* LocalNetworkCallDecoder.swift in Sources */ = {isa = PBXBuildFile; fileRef = 05CFA9A4285DD78E00256BAC /* LocalNetworkCallDecoder.swift */; };
		05CFA9A7285DD7A000256BAC /* LocalNetworkCallEncoder.swift in Sources */ = {isa = PBXBuildFile; fileRef = 05CFA9A6285DD7A000256BAC /* LocalNetworkCallEncoder.swift */; };
		05CFA9A9285DD7B500256BAC /* WireProtocol.swift in Sources */ = {isa = PBXBuildFile; fileRef = 05CFA9A8285DD7B500256BAC /* WireProtocol.swift */; };
		05CFA9AB285DD7D400256BAC /* ActorIdentity.swift in Sources */ = {isa = PBXBuildFile; fileRef = 05CFA9AA285DD7D400256BAC /* ActorIdentity.swift */; };
		05CFA9AD285DD7E600256BAC /* ReceptionistPattern.swift in Sources */ = {isa = PBXBuildFile; fileRef = 05CFA9AC285DD7E600256BAC /* ReceptionistPattern.swift */; };
		05CFA9AF285DD8FB00256BAC /* Logging.swift in Sources */ = {isa = PBXBuildFile; fileRef = 05CFA9AE285DD8FB00256BAC /* Logging.swift */; };
		05CFA9B1285DE00200256BAC /* GameMode.swift in Sources */ = {isa = PBXBuildFile; fileRef = 05CFA9B0285DE00200256BAC /* GameMode.swift */; };
		05CFA9B3285DFF2200256BAC /* PlayerBot.swift in Sources */ = {isa = PBXBuildFile; fileRef = 05CFA9B2285DFF2200256BAC /* PlayerBot.swift */; };
		05CFA9B5285DFF3A00256BAC /* CharacterTeam.swift in Sources */ = {isa = PBXBuildFile; fileRef = 05CFA9B4285DFF3A00256BAC /* CharacterTeam.swift */; };
		05CFA9B9285E06C300256BAC /* NIOTransportServices in Frameworks */ = {isa = PBXBuildFile; productRef = 05CFA9B8285E06C300256BAC /* NIOTransportServices */; };
		05E5D989285CE6CC009C5137 /* SOSMultiplayerApp.swift in Sources */ = {isa = PBXBuildFile; fileRef = 05E5D988285CE6CC009C5137 /* SOSMultiplayerApp.swift */; };
		05E5D98B285CE6CC009C5137 /* MainView.swift in Sources */ = {isa = PBXBuildFile; fileRef = 05E5D98A285CE6CC009C5137 /* MainView.swift */; };
		05E5D98D285CE6CD009C5137 /* Assets.xcassets in Resources */ = {isa = PBXBuildFile; fileRef = 05E5D98C285CE6CD009C5137 /* Assets.xcassets */; };
		05E5D990285CE6CD009C5137 /* Preview Assets.xcassets in Resources */ = {isa = PBXBuildFile; fileRef = 05E5D98F285CE6CD009C5137 /* Preview Assets.xcassets */; };
/* End PBXBuildFile section */

/* Begin PBXFileReference section */
		05CFA990285D79BF00256BAC /* Players.swift */ = {isa = PBXFileReference; lastKnownFileType = sourcecode.swift; path = Players.swift; sourceTree = "<group>"; };
		05CFA992285D79CC00256BAC /* GameState.swift */ = {isa = PBXFileReference; lastKnownFileType = sourcecode.swift; path = GameState.swift; sourceTree = "<group>"; };
		05CFA994285D7A1800256BAC /* SOSGame.swift */ = {isa = PBXFileReference; lastKnownFileType = sourcecode.swift; path = SOSGame.swift; sourceTree = "<group>"; };
		05CFA996285D7A5D00256BAC /* GameView.swift */ = {isa = PBXFileReference; lastKnownFileType = sourcecode.swift; path = GameView.swift; sourceTree = "<group>"; };
		05CFA998285DD0F100256BAC /* GameField.swift */ = {isa = PBXFileReference; lastKnownFileType = sourcecode.swift; path = GameField.swift; sourceTree = "<group>"; };
		05CFA99A285DD5DE00256BAC /* Globals.swift */ = {isa = PBXFileReference; lastKnownFileType = sourcecode.swift; path = Globals.swift; sourceTree = "<group>"; };
		05CFA99C285DD73800256BAC /* BonjourBrowser.swift */ = {isa = PBXFileReference; lastKnownFileType = sourcecode.swift; path = BonjourBrowser.swift; sourceTree = "<group>"; };
		05CFA99E285DD74500256BAC /* BonjourConnection.swift */ = {isa = PBXFileReference; lastKnownFileType = sourcecode.swift; path = BonjourConnection.swift; sourceTree = "<group>"; };
		05CFA9A0285DD75A00256BAC /* LocalNetworkActorSystem.swift */ = {isa = PBXFileReference; lastKnownFileType = sourcecode.swift; path = LocalNetworkActorSystem.swift; sourceTree = "<group>"; };
		05CFA9A2285DD76D00256BAC /* LocalNetworkReceptionist.swift */ = {isa = PBXFileReference; lastKnownFileType = sourcecode.swift; path = LocalNetworkReceptionist.swift; sourceTree = "<group>"; };
		05CFA9A4285DD78E00256BAC /* LocalNetworkCallDecoder.swift */ = {isa = PBXFileReference; lastKnownFileType = sourcecode.swift; path = LocalNetworkCallDecoder.swift; sourceTree = "<group>"; };
		05CFA9A6285DD7A000256BAC /* LocalNetworkCallEncoder.swift */ = {isa = PBXFileReference; lastKnownFileType = sourcecode.swift; path = LocalNetworkCallEncoder.swift; sourceTree = "<group>"; };
		05CFA9A8285DD7B500256BAC /* WireProtocol.swift */ = {isa = PBXFileReference; lastKnownFileType = sourcecode.swift; path = WireProtocol.swift; sourceTree = "<group>"; };
		05CFA9AA285DD7D400256BAC /* ActorIdentity.swift */ = {isa = PBXFileReference; lastKnownFileType = sourcecode.swift; path = ActorIdentity.swift; sourceTree = "<group>"; };
		05CFA9AC285DD7E600256BAC /* ReceptionistPattern.swift */ = {isa = PBXFileReference; lastKnownFileType = sourcecode.swift; path = ReceptionistPattern.swift; sourceTree = "<group>"; };
		05CFA9AE285DD8FB00256BAC /* Logging.swift */ = {isa = PBXFileReference; lastKnownFileType = sourcecode.swift; path = Logging.swift; sourceTree = "<group>"; };
		05CFA9B0285DE00200256BAC /* GameMode.swift */ = {isa = PBXFileReference; lastKnownFileType = sourcecode.swift; path = GameMode.swift; sourceTree = "<group>"; };
		05CFA9B2285DFF2200256BAC /* PlayerBot.swift */ = {isa = PBXFileReference; lastKnownFileType = sourcecode.swift; path = PlayerBot.swift; sourceTree = "<group>"; };
		05CFA9B4285DFF3A00256BAC /* CharacterTeam.swift */ = {isa = PBXFileReference; lastKnownFileType = sourcecode.swift; path = CharacterTeam.swift; sourceTree = "<group>"; };
		05CFA9BA285E079100256BAC /* Info.plist */ = {isa = PBXFileReference; lastKnownFileType = text.plist; path = Info.plist; sourceTree = "<group>"; };
		05E5D985285CE6CC009C5137 /* SOSMultiplayer.app */ = {isa = PBXFileReference; explicitFileType = wrapper.application; includeInIndex = 0; path = SOSMultiplayer.app; sourceTree = BUILT_PRODUCTS_DIR; };
		05E5D988285CE6CC009C5137 /* SOSMultiplayerApp.swift */ = {isa = PBXFileReference; lastKnownFileType = sourcecode.swift; path = SOSMultiplayerApp.swift; sourceTree = "<group>"; };
		05E5D98A285CE6CC009C5137 /* MainView.swift */ = {isa = PBXFileReference; lastKnownFileType = sourcecode.swift; path = MainView.swift; sourceTree = "<group>"; };
		05E5D98C285CE6CD009C5137 /* Assets.xcassets */ = {isa = PBXFileReference; lastKnownFileType = folder.assetcatalog; path = Assets.xcassets; sourceTree = "<group>"; };
		05E5D98F285CE6CD009C5137 /* Preview Assets.xcassets */ = {isa = PBXFileReference; lastKnownFileType = folder.assetcatalog; path = "Preview Assets.xcassets"; sourceTree = "<group>"; };
/* End PBXFileReference section */

/* Begin PBXFrameworksBuildPhase section */
		05E5D982285CE6CC009C5137 /* Frameworks */ = {
			isa = PBXFrameworksBuildPhase;
			buildActionMask = 2147483647;
			files = (
				05CFA9B9285E06C300256BAC /* NIOTransportServices in Frameworks */,
			);
			runOnlyForDeploymentPostprocessing = 0;
		};
/* End PBXFrameworksBuildPhase section */

/* Begin PBXGroup section */
		05CFA98C285D790B00256BAC /* Views */ = {
			isa = PBXGroup;
			children = (
				05E5D98A285CE6CC009C5137 /* MainView.swift */,
				05CFA996285D7A5D00256BAC /* GameView.swift */,
				05CFA998285DD0F100256BAC /* GameField.swift */,
			);
			path = Views;
			sourceTree = "<group>";
		};
		05CFA98D285D791800256BAC /* ViewModels */ = {
			isa = PBXGroup;
			children = (
				05CFA994285D7A1800256BAC /* SOSGame.swift */,
			);
			path = ViewModels;
			sourceTree = "<group>";
		};
		05CFA98E285D792C00256BAC /* Game */ = {
			isa = PBXGroup;
			children = (
				05CFA9B4285DFF3A00256BAC /* CharacterTeam.swift */,
				05CFA992285D79CC00256BAC /* GameState.swift */,
				05CFA9B0285DE00200256BAC /* GameMode.swift */,
				05CFA990285D79BF00256BAC /* Players.swift */,
				05CFA9B2285DFF2200256BAC /* PlayerBot.swift */,
			);
			path = Game;
			sourceTree = "<group>";
		};
		05CFA98F285D794500256BAC /* LocalNetwork */ = {
			isa = PBXGroup;
			children = (
				05CFA99C285DD73800256BAC /* BonjourBrowser.swift */,
				05CFA99E285DD74500256BAC /* BonjourConnection.swift */,
				05CFA9A0285DD75A00256BAC /* LocalNetworkActorSystem.swift */,
				05CFA9A2285DD76D00256BAC /* LocalNetworkReceptionist.swift */,
				05CFA9A4285DD78E00256BAC /* LocalNetworkCallDecoder.swift */,
				05CFA9A6285DD7A000256BAC /* LocalNetworkCallEncoder.swift */,
				05CFA9A8285DD7B500256BAC /* WireProtocol.swift */,
				05CFA9AA285DD7D400256BAC /* ActorIdentity.swift */,
				05CFA9AC285DD7E600256BAC /* ReceptionistPattern.swift */,
			);
			path = LocalNetwork;
			sourceTree = "<group>";
		};
		05E5D97C285CE6CC009C5137 = {
			isa = PBXGroup;
			children = (
				05E5D988285CE6CC009C5137 /* SOSMultiplayerApp.swift */,
				05E5D987285CE6CC009C5137 /* SOSMultiplayer */,
				05E5D986285CE6CC009C5137 /* Products */,
			);
			sourceTree = "<group>";
		};
		05E5D986285CE6CC009C5137 /* Products */ = {
			isa = PBXGroup;
			children = (
				05E5D985285CE6CC009C5137 /* SOSMultiplayer.app */,
			);
			name = Products;
			sourceTree = "<group>";
		};
		05E5D987285CE6CC009C5137 /* SOSMultiplayer */ = {
			isa = PBXGroup;
			children = (
				05CFA9BA285E079100256BAC /* Info.plist */,
				05CFA99A285DD5DE00256BAC /* Globals.swift */,
				05CFA9AE285DD8FB00256BAC /* Logging.swift */,
				05CFA98C285D790B00256BAC /* Views */,
				05CFA98D285D791800256BAC /* ViewModels */,
				05CFA98E285D792C00256BAC /* Game */,
				05CFA98F285D794500256BAC /* LocalNetwork */,
				05E5D98C285CE6CD009C5137 /* Assets.xcassets */,
				05E5D98E285CE6CD009C5137 /* Preview Content */,
			);
			path = SOSMultiplayer;
			sourceTree = "<group>";
		};
		05E5D98E285CE6CD009C5137 /* Preview Content */ = {
			isa = PBXGroup;
			children = (
				05E5D98F285CE6CD009C5137 /* Preview Assets.xcassets */,
			);
			path = "Preview Content";
			sourceTree = "<group>";
		};
/* End PBXGroup section */

/* Begin PBXNativeTarget section */
		05E5D984285CE6CC009C5137 /* SOSMultiplayer */ = {
			isa = PBXNativeTarget;
			buildConfigurationList = 05E5D993285CE6CD009C5137 /* Build configuration list for PBXNativeTarget "SOSMultiplayer" */;
			buildPhases = (
				05E5D981285CE6CC009C5137 /* Sources */,
				05E5D982285CE6CC009C5137 /* Frameworks */,
				05E5D983285CE6CC009C5137 /* Resources */,
			);
			buildRules = (
			);
			dependencies = (
			);
			name = SOSMultiplayer;
			packageProductDependencies = (
				05CFA9B8285E06C300256BAC /* NIOTransportServices */,
			);
			productName = SOSMultiplayer;
			productReference = 05E5D985285CE6CC009C5137 /* SOSMultiplayer.app */;
			productType = "com.apple.product-type.application";
		};
/* End PBXNativeTarget section */

/* Begin PBXProject section */
		05E5D97D285CE6CC009C5137 /* Project object */ = {
			isa = PBXProject;
			attributes = {
				BuildIndependentTargetsInParallel = 1;
				LastSwiftUpdateCheck = 1400;
				LastUpgradeCheck = 1400;
				TargetAttributes = {
					05E5D984285CE6CC009C5137 = {
						CreatedOnToolsVersion = 14.0;
					};
				};
			};
			buildConfigurationList = 05E5D980285CE6CC009C5137 /* Build configuration list for PBXProject "SOSMultiplayer" */;
			compatibilityVersion = "Xcode 14.0";
			developmentRegion = en;
			hasScannedForEncodings = 0;
			knownRegions = (
				en,
				Base,
			);
			mainGroup = 05E5D97C285CE6CC009C5137;
			packageReferences = (
				05CFA9B6285E05FD00256BAC /* XCRemoteSwiftPackageReference "swift-nio" */,
				05CFA9B7285E06C300256BAC /* XCRemoteSwiftPackageReference "swift-nio-transport-services" */,
			);
			productRefGroup = 05E5D986285CE6CC009C5137 /* Products */;
			projectDirPath = "";
			projectRoot = "";
			targets = (
				05E5D984285CE6CC009C5137 /* SOSMultiplayer */,
			);
		};
/* End PBXProject section */

/* Begin PBXResourcesBuildPhase section */
		05E5D983285CE6CC009C5137 /* Resources */ = {
			isa = PBXResourcesBuildPhase;
			buildActionMask = 2147483647;
			files = (
				05E5D990285CE6CD009C5137 /* Preview Assets.xcassets in Resources */,
				05E5D98D285CE6CD009C5137 /* Assets.xcassets in Resources */,
			);
			runOnlyForDeploymentPostprocessing = 0;
		};
/* End PBXResourcesBuildPhase section */

/* Begin PBXSourcesBuildPhase section */
		05E5D981285CE6CC009C5137 /* Sources */ = {
			isa = PBXSourcesBuildPhase;
			buildActionMask = 2147483647;
			files = (
				05CFA991285D79BF00256BAC /* Players.swift in Sources */,
				05CFA9AB285DD7D400256BAC /* ActorIdentity.swift in Sources */,
				05CFA9B1285DE00200256BAC /* GameMode.swift in Sources */,
				05CFA9A1285DD75A00256BAC /* LocalNetworkActorSystem.swift in Sources */,
				05CFA99F285DD74500256BAC /* BonjourConnection.swift in Sources */,
				05CFA9A7285DD7A000256BAC /* LocalNetworkCallEncoder.swift in Sources */,
				05CFA9A3285DD76D00256BAC /* LocalNetworkReceptionist.swift in Sources */,
				05CFA9AD285DD7E600256BAC /* ReceptionistPattern.swift in Sources */,
				05CFA9AF285DD8FB00256BAC /* Logging.swift in Sources */,
				05CFA9A9285DD7B500256BAC /* WireProtocol.swift in Sources */,
				05CFA993285D79CC00256BAC /* GameState.swift in Sources */,
				05CFA995285D7A1800256BAC /* SOSGame.swift in Sources */,
				05CFA9B5285DFF3A00256BAC /* CharacterTeam.swift in Sources */,
				05CFA9B3285DFF2200256BAC /* PlayerBot.swift in Sources */,
				05E5D98B285CE6CC009C5137 /* MainView.swift in Sources */,
				05CFA9A5285DD78E00256BAC /* LocalNetworkCallDecoder.swift in Sources */,
				05CFA99B285DD5DE00256BAC /* Globals.swift in Sources */,
				05CFA997285D7A5D00256BAC /* GameView.swift in Sources */,
				05CFA99D285DD73800256BAC /* BonjourBrowser.swift in Sources */,
				05CFA999285DD0F100256BAC /* GameField.swift in Sources */,
				05E5D989285CE6CC009C5137 /* SOSMultiplayerApp.swift in Sources */,
			);
			runOnlyForDeploymentPostprocessing = 0;
		};
/* End PBXSourcesBuildPhase section */

/* Begin XCBuildConfiguration section */
		05E5D991285CE6CD009C5137 /* Debug */ = {
			isa = XCBuildConfiguration;
			buildSettings = {
				ALWAYS_SEARCH_USER_PATHS = NO;
				CLANG_ANALYZER_NONNULL = YES;
				CLANG_ANALYZER_NUMBER_OBJECT_CONVERSION = YES_AGGRESSIVE;
				CLANG_CXX_LANGUAGE_STANDARD = "gnu++17";
				CLANG_ENABLE_MODULES = YES;
				CLANG_ENABLE_OBJC_ARC = YES;
				CLANG_ENABLE_OBJC_WEAK = YES;
				CLANG_WARN_BLOCK_CAPTURE_AUTORELEASING = YES;
				CLANG_WARN_BOOL_CONVERSION = YES;
				CLANG_WARN_COMMA = YES;
				CLANG_WARN_CONSTANT_CONVERSION = YES;
				CLANG_WARN_DEPRECATED_OBJC_IMPLEMENTATIONS = YES;
				CLANG_WARN_DIRECT_OBJC_ISA_USAGE = YES_ERROR;
				CLANG_WARN_DOCUMENTATION_COMMENTS = YES;
				CLANG_WARN_EMPTY_BODY = YES;
				CLANG_WARN_ENUM_CONVERSION = YES;
				CLANG_WARN_INFINITE_RECURSION = YES;
				CLANG_WARN_INT_CONVERSION = YES;
				CLANG_WARN_NON_LITERAL_NULL_CONVERSION = YES;
				CLANG_WARN_OBJC_IMPLICIT_RETAIN_SELF = YES;
				CLANG_WARN_OBJC_LITERAL_CONVERSION = YES;
				CLANG_WARN_OBJC_ROOT_CLASS = YES_ERROR;
				CLANG_WARN_QUOTED_INCLUDE_IN_FRAMEWORK_HEADER = YES;
				CLANG_WARN_RANGE_LOOP_ANALYSIS = YES;
				CLANG_WARN_STRICT_PROTOTYPES = YES;
				CLANG_WARN_SUSPICIOUS_MOVE = YES;
				CLANG_WARN_UNGUARDED_AVAILABILITY = YES_AGGRESSIVE;
				CLANG_WARN_UNREACHABLE_CODE = YES;
				CLANG_WARN__DUPLICATE_METHOD_MATCH = YES;
				COPY_PHASE_STRIP = NO;
				DEBUG_INFORMATION_FORMAT = dwarf;
				ENABLE_STRICT_OBJC_MSGSEND = YES;
				ENABLE_TESTABILITY = YES;
				GCC_C_LANGUAGE_STANDARD = gnu11;
				GCC_DYNAMIC_NO_PIC = NO;
				GCC_NO_COMMON_BLOCKS = YES;
				GCC_OPTIMIZATION_LEVEL = 0;
				GCC_PREPROCESSOR_DEFINITIONS = (
					"DEBUG=1",
					"$(inherited)",
				);
				GCC_WARN_64_TO_32_BIT_CONVERSION = YES;
				GCC_WARN_ABOUT_RETURN_TYPE = YES_ERROR;
				GCC_WARN_UNDECLARED_SELECTOR = YES;
				GCC_WARN_UNINITIALIZED_AUTOS = YES_AGGRESSIVE;
				GCC_WARN_UNUSED_FUNCTION = YES;
				GCC_WARN_UNUSED_VARIABLE = YES;
				IPHONEOS_DEPLOYMENT_TARGET = 16.0;
				MTL_ENABLE_DEBUG_INFO = INCLUDE_SOURCE;
				MTL_FAST_MATH = YES;
				ONLY_ACTIVE_ARCH = YES;
				SDKROOT = iphoneos;
				SWIFT_ACTIVE_COMPILATION_CONDITIONS = DEBUG;
				SWIFT_OPTIMIZATION_LEVEL = "-Onone";
			};
			name = Debug;
		};
		05E5D992285CE6CD009C5137 /* Release */ = {
			isa = XCBuildConfiguration;
			buildSettings = {
				ALWAYS_SEARCH_USER_PATHS = NO;
				CLANG_ANALYZER_NONNULL = YES;
				CLANG_ANALYZER_NUMBER_OBJECT_CONVERSION = YES_AGGRESSIVE;
				CLANG_CXX_LANGUAGE_STANDARD = "gnu++17";
				CLANG_ENABLE_MODULES = YES;
				CLANG_ENABLE_OBJC_ARC = YES;
				CLANG_ENABLE_OBJC_WEAK = YES;
				CLANG_WARN_BLOCK_CAPTURE_AUTORELEASING = YES;
				CLANG_WARN_BOOL_CONVERSION = YES;
				CLANG_WARN_COMMA = YES;
				CLANG_WARN_CONSTANT_CONVERSION = YES;
				CLANG_WARN_DEPRECATED_OBJC_IMPLEMENTATIONS = YES;
				CLANG_WARN_DIRECT_OBJC_ISA_USAGE = YES_ERROR;
				CLANG_WARN_DOCUMENTATION_COMMENTS = YES;
				CLANG_WARN_EMPTY_BODY = YES;
				CLANG_WARN_ENUM_CONVERSION = YES;
				CLANG_WARN_INFINITE_RECURSION = YES;
				CLANG_WARN_INT_CONVERSION = YES;
				CLANG_WARN_NON_LITERAL_NULL_CONVERSION = YES;
				CLANG_WARN_OBJC_IMPLICIT_RETAIN_SELF = YES;
				CLANG_WARN_OBJC_LITERAL_CONVERSION = YES;
				CLANG_WARN_OBJC_ROOT_CLASS = YES_ERROR;
				CLANG_WARN_QUOTED_INCLUDE_IN_FRAMEWORK_HEADER = YES;
				CLANG_WARN_RANGE_LOOP_ANALYSIS = YES;
				CLANG_WARN_STRICT_PROTOTYPES = YES;
				CLANG_WARN_SUSPICIOUS_MOVE = YES;
				CLANG_WARN_UNGUARDED_AVAILABILITY = YES_AGGRESSIVE;
				CLANG_WARN_UNREACHABLE_CODE = YES;
				CLANG_WARN__DUPLICATE_METHOD_MATCH = YES;
				COPY_PHASE_STRIP = NO;
				DEBUG_INFORMATION_FORMAT = "dwarf-with-dsym";
				ENABLE_NS_ASSERTIONS = NO;
				ENABLE_STRICT_OBJC_MSGSEND = YES;
				GCC_C_LANGUAGE_STANDARD = gnu11;
				GCC_NO_COMMON_BLOCKS = YES;
				GCC_WARN_64_TO_32_BIT_CONVERSION = YES;
				GCC_WARN_ABOUT_RETURN_TYPE = YES_ERROR;
				GCC_WARN_UNDECLARED_SELECTOR = YES;
				GCC_WARN_UNINITIALIZED_AUTOS = YES_AGGRESSIVE;
				GCC_WARN_UNUSED_FUNCTION = YES;
				GCC_WARN_UNUSED_VARIABLE = YES;
				IPHONEOS_DEPLOYMENT_TARGET = 16.0;
				MTL_ENABLE_DEBUG_INFO = NO;
				MTL_FAST_MATH = YES;
				SDKROOT = iphoneos;
				SWIFT_COMPILATION_MODE = wholemodule;
				SWIFT_OPTIMIZATION_LEVEL = "-O";
				VALIDATE_PRODUCT = YES;
			};
			name = Release;
		};
		05E5D994285CE6CD009C5137 /* Debug */ = {
			isa = XCBuildConfiguration;
			buildSettings = {
				ASSETCATALOG_COMPILER_APPICON_NAME = AppIcon;
				ASSETCATALOG_COMPILER_GLOBAL_ACCENT_COLOR_NAME = AccentColor;
				CODE_SIGN_STYLE = Automatic;
				CURRENT_PROJECT_VERSION = 1;
				DEVELOPMENT_ASSET_PATHS = "\"SOSMultiplayer/Preview Content\"";
				DEVELOPMENT_TEAM = 52PGG4Y4Z5;
				ENABLE_PREVIEWS = YES;
				GENERATE_INFOPLIST_FILE = YES;
				INFOPLIST_FILE = SOSMultiplayer/Info.plist;
				INFOPLIST_KEY_UIApplicationSceneManifest_Generation = YES;
				INFOPLIST_KEY_UIApplicationSupportsIndirectInputEvents = YES;
				INFOPLIST_KEY_UILaunchScreen_Generation = YES;
				INFOPLIST_KEY_UISupportedInterfaceOrientations_iPad = "UIInterfaceOrientationPortrait UIInterfaceOrientationPortraitUpsideDown UIInterfaceOrientationLandscapeLeft UIInterfaceOrientationLandscapeRight";
				INFOPLIST_KEY_UISupportedInterfaceOrientations_iPhone = "UIInterfaceOrientationPortrait UIInterfaceOrientationLandscapeLeft UIInterfaceOrientationLandscapeRight";
				LD_RUNPATH_SEARCH_PATHS = (
					"$(inherited)",
					"@executable_path/Frameworks",
				);
				MARKETING_VERSION = 1.0;
				PRODUCT_BUNDLE_IDENTIFIER = oi.SOSMultiplayer;
				PRODUCT_NAME = "$(TARGET_NAME)";
				SWIFT_EMIT_LOC_STRINGS = YES;
				SWIFT_VERSION = 5.0;
				TARGETED_DEVICE_FAMILY = "1,2";
			};
			name = Debug;
		};
		05E5D995285CE6CD009C5137 /* Release */ = {
			isa = XCBuildConfiguration;
			buildSettings = {
				ASSETCATALOG_COMPILER_APPICON_NAME = AppIcon;
				ASSETCATALOG_COMPILER_GLOBAL_ACCENT_COLOR_NAME = AccentColor;
				CODE_SIGN_STYLE = Automatic;
				CURRENT_PROJECT_VERSION = 1;
				DEVELOPMENT_ASSET_PATHS = "\"SOSMultiplayer/Preview Content\"";
				DEVELOPMENT_TEAM = 52PGG4Y4Z5;
				ENABLE_PREVIEWS = YES;
				GENERATE_INFOPLIST_FILE = YES;
				INFOPLIST_FILE = SOSMultiplayer/Info.plist;
				INFOPLIST_KEY_UIApplicationSceneManifest_Generation = YES;
				INFOPLIST_KEY_UIApplicationSupportsIndirectInputEvents = YES;
				INFOPLIST_KEY_UILaunchScreen_Generation = YES;
				INFOPLIST_KEY_UISupportedInterfaceOrientations_iPad = "UIInterfaceOrientationPortrait UIInterfaceOrientationPortraitUpsideDown UIInterfaceOrientationLandscapeLeft UIInterfaceOrientationLandscapeRight";
				INFOPLIST_KEY_UISupportedInterfaceOrientations_iPhone = "UIInterfaceOrientationPortrait UIInterfaceOrientationLandscapeLeft UIInterfaceOrientationLandscapeRight";
				LD_RUNPATH_SEARCH_PATHS = (
					"$(inherited)",
					"@executable_path/Frameworks",
				);
				MARKETING_VERSION = 1.0;
				PRODUCT_BUNDLE_IDENTIFIER = oi.SOSMultiplayer;
				PRODUCT_NAME = "$(TARGET_NAME)";
				SWIFT_EMIT_LOC_STRINGS = YES;
				SWIFT_VERSION = 5.0;
				TARGETED_DEVICE_FAMILY = "1,2";
			};
			name = Release;
		};
/* End XCBuildConfiguration section */

/* Begin XCConfigurationList section */
		05E5D980285CE6CC009C5137 /* Build configuration list for PBXProject "SOSMultiplayer" */ = {
			isa = XCConfigurationList;
			buildConfigurations = (
				05E5D991285CE6CD009C5137 /* Debug */,
				05E5D992285CE6CD009C5137 /* Release */,
			);
			defaultConfigurationIsVisible = 0;
			defaultConfigurationName = Release;
		};
		05E5D993285CE6CD009C5137 /* Build configuration list for PBXNativeTarget "SOSMultiplayer" */ = {
			isa = XCConfigurationList;
			buildConfigurations = (
				05E5D994285CE6CD009C5137 /* Debug */,
				05E5D995285CE6CD009C5137 /* Release */,
			);
			defaultConfigurationIsVisible = 0;
			defaultConfigurationName = Release;
		};
/* End XCConfigurationList section */

/* Begin XCRemoteSwiftPackageReference section */
		05CFA9B6285E05FD00256BAC /* XCRemoteSwiftPackageReference "swift-nio" */ = {
			isa = XCRemoteSwiftPackageReference;
			repositoryURL = "https://github.com/apple/swift-nio.git";
			requirement = {
				kind = upToNextMajorVersion;
				minimumVersion = 2.0.0;
			};
		};
		05CFA9B7285E06C300256BAC /* XCRemoteSwiftPackageReference "swift-nio-transport-services" */ = {
			isa = XCRemoteSwiftPackageReference;
			repositoryURL = "https://github.com/apple/swift-nio-transport-services.git";
			requirement = {
				kind = upToNextMajorVersion;
				minimumVersion = 1.0.0;
			};
		};
/* End XCRemoteSwiftPackageReference section */

/* Begin XCSwiftPackageProductDependency section */
		05CFA9B8285E06C300256BAC /* NIOTransportServices */ = {
			isa = XCSwiftPackageProductDependency;
			package = 05CFA9B7285E06C300256BAC /* XCRemoteSwiftPackageReference "swift-nio-transport-services" */;
			productName = NIOTransportServices;
		};
/* End XCSwiftPackageProductDependency section */
	};
	rootObject = 05E5D97D285CE6CC009C5137 /* Project object */;
}
